
Microsoft Visual Studio Solution File, Format Version 12.00
# Visual Studio 15
VisualStudioVersion = 15.0.28010.2048
MinimumVisualStudioVersion = 10.0.40219.1
Project("{FAE04EC0-301F-11D3-BF4B-00C04F79EFBC}") = "Camera2Forms.Android", "Camera2Forms\Camera2Forms.Android\Camera2Forms.Android.csproj", "{792E350D-771F-48CB-B9FE-A12B5228BCD6}"
EndProject
Project("{FAE04EC0-301F-11D3-BF4B-00C04F79EFBC}") = "Camera2Forms.iOS", "Camera2Forms\Camera2Forms.iOS\Camera2Forms.iOS.csproj", "{7A529389-4470-4FC6-B7B7-C66431455C65}"
EndProject
Project("{FAE04EC0-301F-11D3-BF4B-00C04F79EFBC}") = "Camera2Forms", "Camera2Forms\Camera2Forms\Camera2Forms.csproj", "{FA439C3C-7ED0-4099-8C6A-51BAD7409877}"
EndProject
Global
	GlobalSection(SolutionConfigurationPlatforms) = preSolution
		Ad-Hoc|Any CPU = Ad-Hoc|Any CPU
		Ad-Hoc|iPhone = Ad-Hoc|iPhone
		Ad-Hoc|iPhoneSimulator = Ad-Hoc|iPhoneSimulator
		AppStore|Any CPU = AppStore|Any CPU
		AppStore|iPhone = AppStore|iPhone
		AppStore|iPhoneSimulator = AppStore|iPhoneSimulator
		Debug|Any CPU = Debug|Any CPU
		Debug|iPhone = Debug|iPhone
		Debug|iPhoneSimulator = Debug|iPhoneSimulator
		Release|Any CPU = Release|Any CPU
		Release|iPhone = Release|iPhone
		Release|iPhoneSimulator = Release|iPhoneSimulator
	EndGlobalSection
	GlobalSection(ProjectConfigurationPlatforms) = postSolution
		{792E350D-771F-48CB-B9FE-A12B5228BCD6}.Ad-Hoc|Any CPU.ActiveCfg = Release|Any CPU
		{792E350D-771F-48CB-B9FE-A12B5228BCD6}.Ad-Hoc|Any CPU.Build.0 = Release|Any CPU
		{792E350D-771F-48CB-B9FE-A12B5228BCD6}.Ad-Hoc|Any CPU.Deploy.0 = Release|Any CPU
		{792E350D-771F-48CB-B9FE-A12B5228BCD6}.Ad-Hoc|iPhone.ActiveCfg = Release|Any CPU
		{792E350D-771F-48CB-B9FE-A12B5228BCD6}.Ad-Hoc|iPhone.Build.0 = Release|Any CPU
		{792E350D-771F-48CB-B9FE-A12B5228BCD6}.Ad-Hoc|iPhone.Deploy.0 = Release|Any CPU
		{792E350D-771F-48CB-B9FE-A12B5228BCD6}.Ad-Hoc|iPhoneSimulator.ActiveCfg = Release|Any CPU
		{792E350D-771F-48CB-B9FE-A12B5228BCD6}.Ad-Hoc|iPhoneSimulator.Build.0 = Release|Any CPU
		{792E350D-771F-48CB-B9FE-A12B5228BCD6}.Ad-Hoc|iPhoneSimulator.Deploy.0 = Release|Any CPU
		{792E350D-771F-48CB-B9FE-A12B5228BCD6}.AppStore|Any CPU.ActiveCfg = Release|Any CPU
		{792E350D-771F-48CB-B9FE-A12B5228BCD6}.AppStore|Any CPU.Build.0 = Release|Any CPU
		{792E350D-771F-48CB-B9FE-A12B5228BCD6}.AppStore|Any CPU.Deploy.0 = Release|Any CPU
		{792E350D-771F-48CB-B9FE-A12B5228BCD6}.AppStore|iPhone.ActiveCfg = Release|Any CPU
		{792E350D-771F-48CB-B9FE-A12B5228BCD6}.AppStore|iPhone.Build.0 = Release|Any CPU
		{792E350D-771F-48CB-B9FE-A12B5228BCD6}.AppStore|iPhone.Deploy.0 = Release|Any CPU
		{792E350D-771F-48CB-B9FE-A12B5228BCD6}.AppStore|iPhoneSimulator.ActiveCfg = Release|Any CPU
		{792E350D-771F-48CB-B9FE-A12B5228BCD6}.AppStore|iPhoneSimulator.Build.0 = Release|Any CPU
		{792E350D-771F-48CB-B9FE-A12B5228BCD6}.AppStore|iPhoneSimulator.Deploy.0 = Release|Any CPU
		{792E350D-771F-48CB-B9FE-A12B5228BCD6}.Debug|Any CPU.ActiveCfg = Debug|Any CPU
		{792E350D-771F-48CB-B9FE-A12B5228BCD6}.Debug|Any CPU.Build.0 = Debug|Any CPU
		{792E350D-771F-48CB-B9FE-A12B5228BCD6}.Debug|Any CPU.Deploy.0 = Debug|Any CPU
		{792E350D-771F-48CB-B9FE-A12B5228BCD6}.Debug|iPhone.ActiveCfg = Debug|Any CPU
		{792E350D-771F-48CB-B9FE-A12B5228BCD6}.Debug|iPhone.Build.0 = Debug|Any CPU
		{792E350D-771F-48CB-B9FE-A12B5228BCD6}.Debug|iPhone.Deploy.0 = Debug|Any CPU
		{792E350D-771F-48CB-B9FE-A12B5228BCD6}.Debug|iPhoneSimulator.ActiveCfg = Debug|Any CPU
		{792E350D-771F-48CB-B9FE-A12B5228BCD6}.Debug|iPhoneSimulator.Build.0 = Debug|Any CPU
		{792E350D-771F-48CB-B9FE-A12B5228BCD6}.Debug|iPhoneSimulator.Deploy.0 = Debug|Any CPU
		{792E350D-771F-48CB-B9FE-A12B5228BCD6}.Release|Any CPU.ActiveCfg = Release|Any CPU
		{792E350D-771F-48CB-B9FE-A12B5228BCD6}.Release|Any CPU.Build.0 = Release|Any CPU
		{792E350D-771F-48CB-B9FE-A12B5228BCD6}.Release|Any CPU.Deploy.0 = Release|Any CPU
		{792E350D-771F-48CB-B9FE-A12B5228BCD6}.Release|iPhone.ActiveCfg = Release|Any CPU
		{792E350D-771F-48CB-B9FE-A12B5228BCD6}.Release|iPhone.Build.0 = Release|Any CPU
		{792E350D-771F-48CB-B9FE-A12B5228BCD6}.Release|iPhone.Deploy.0 = Release|Any CPU
		{792E350D-771F-48CB-B9FE-A12B5228BCD6}.Release|iPhoneSimulator.ActiveCfg = Release|Any CPU
		{792E350D-771F-48CB-B9FE-A12B5228BCD6}.Release|iPhoneSimulator.Build.0 = Release|Any CPU
		{792E350D-771F-48CB-B9FE-A12B5228BCD6}.Release|iPhoneSimulator.Deploy.0 = Release|Any CPU
		{7A529389-4470-4FC6-B7B7-C66431455C65}.Ad-Hoc|Any CPU.ActiveCfg = Ad-Hoc|iPhone
		{7A529389-4470-4FC6-B7B7-C66431455C65}.Ad-Hoc|Any CPU.Build.0 = Ad-Hoc|iPhone
		{7A529389-4470-4FC6-B7B7-C66431455C65}.Ad-Hoc|Any CPU.Deploy.0 = Ad-Hoc|iPhone
		{7A529389-4470-4FC6-B7B7-C66431455C65}.Ad-Hoc|iPhone.ActiveCfg = Ad-Hoc|iPhone
		{7A529389-4470-4FC6-B7B7-C66431455C65}.Ad-Hoc|iPhone.Build.0 = Ad-Hoc|iPhone
		{7A529389-4470-4FC6-B7B7-C66431455C65}.Ad-Hoc|iPhone.Deploy.0 = Ad-Hoc|iPhone
		{7A529389-4470-4FC6-B7B7-C66431455C65}.Ad-Hoc|iPhoneSimulator.ActiveCfg = Ad-Hoc|iPhoneSimulator
		{7A529389-4470-4FC6-B7B7-C66431455C65}.Ad-Hoc|iPhoneSimulator.Build.0 = Ad-Hoc|iPhoneSimulator
		{7A529389-4470-4FC6-B7B7-C66431455C65}.Ad-Hoc|iPhoneSimulator.Deploy.0 = Ad-Hoc|iPhoneSimulator
		{7A529389-4470-4FC6-B7B7-C66431455C65}.AppStore|Any CPU.ActiveCfg = AppStore|iPhone
		{7A529389-4470-4FC6-B7B7-C66431455C65}.AppStore|Any CPU.Build.0 = AppStore|iPhone
		{7A529389-4470-4FC6-B7B7-C66431455C65}.AppStore|Any CPU.Deploy.0 = AppStore|iPhone
		{7A529389-4470-4FC6-B7B7-C66431455C65}.AppStore|iPhone.ActiveCfg = AppStore|iPhone
		{7A529389-4470-4FC6-B7B7-C66431455C65}.AppStore|iPhone.Build.0 = AppStore|iPhone
		{7A529389-4470-4FC6-B7B7-C66431455C65}.AppStore|iPhone.Deploy.0 = AppStore|iPhone
		{7A529389-4470-4FC6-B7B7-C66431455C65}.AppStore|iPhoneSimulator.ActiveCfg = AppStore|iPhoneSimulator
		{7A529389-4470-4FC6-B7B7-C66431455C65}.AppStore|iPhoneSimulator.Build.0 = AppStore|iPhoneSimulator
		{7A529389-4470-4FC6-B7B7-C66431455C65}.AppStore|iPhoneSimulator.Deploy.0 = AppStore|iPhoneSimulator
		{7A529389-4470-4FC6-B7B7-C66431455C65}.Debug|Any CPU.ActiveCfg = Debug|iPhoneSimulator
		{7A529389-4470-4FC6-B7B7-C66431455C65}.Debug|Any CPU.Build.0 = Debug|iPhoneSimulator
		{7A529389-4470-4FC6-B7B7-C66431455C65}.Debug|Any CPU.Deploy.0 = Debug|iPhoneSimulator
		{7A529389-4470-4FC6-B7B7-C66431455C65}.Debug|iPhone.ActiveCfg = Debug|iPhone
		{7A529389-4470-4FC6-B7B7-C66431455C65}.Debug|iPhone.Build.0 = Debug|iPhone
		{7A529389-4470-4FC6-B7B7-C66431455C65}.Debug|iPhone.Deploy.0 = Debug|iPhone
		{7A529389-4470-4FC6-B7B7-C66431455C65}.Debug|iPhoneSimulator.ActiveCfg = Debug|iPhoneSimulator
		{7A529389-4470-4FC6-B7B7-C66431455C65}.Debug|iPhoneSimulator.Build.0 = Debug|iPhoneSimulator
		{7A529389-4470-4FC6-B7B7-C66431455C65}.Debug|iPhoneSimulator.Deploy.0 = Debug|iPhoneSimulator
		{7A529389-4470-4FC6-B7B7-C66431455C65}.Release|Any CPU.ActiveCfg = Release|iPhone
		{7A529389-4470-4FC6-B7B7-C66431455C65}.Release|Any CPU.Build.0 = Release|iPhone
		{7A529389-4470-4FC6-B7B7-C66431455C65}.Release|Any CPU.Deploy.0 = Release|iPhone
		{7A529389-4470-4FC6-B7B7-C66431455C65}.Release|iPhone.ActiveCfg = Release|iPhone
		{7A529389-4470-4FC6-B7B7-C66431455C65}.Release|iPhone.Build.0 = Release|iPhone
		{7A529389-4470-4FC6-B7B7-C66431455C65}.Release|iPhone.Deploy.0 = Release|iPhone
		{7A529389-4470-4FC6-B7B7-C66431455C65}.Release|iPhoneSimulator.ActiveCfg = Release|iPhoneSimulator
		{7A529389-4470-4FC6-B7B7-C66431455C65}.Release|iPhoneSimulator.Build.0 = Release|iPhoneSimulator
		{7A529389-4470-4FC6-B7B7-C66431455C65}.Release|iPhoneSimulator.Deploy.0 = Release|iPhoneSimulator
		{FA439C3C-7ED0-4099-8C6A-51BAD7409877}.Ad-Hoc|Any CPU.ActiveCfg = Debug|Any CPU
		{FA439C3C-7ED0-4099-8C6A-51BAD7409877}.Ad-Hoc|Any CPU.Build.0 = Debug|Any CPU
		{FA439C3C-7ED0-4099-8C6A-51BAD7409877}.Ad-Hoc|Any CPU.Deploy.0 = Debug|Any CPU
		{FA439C3C-7ED0-4099-8C6A-51BAD7409877}.Ad-Hoc|iPhone.ActiveCfg = Debug|Any CPU
		{FA439C3C-7ED0-4099-8C6A-51BAD7409877}.Ad-Hoc|iPhone.Build.0 = Debug|Any CPU
		{FA439C3C-7ED0-4099-8C6A-51BAD7409877}.Ad-Hoc|iPhone.Deploy.0 = Debug|Any CPU
		{FA439C3C-7ED0-4099-8C6A-51BAD7409877}.Ad-Hoc|iPhoneSimulator.ActiveCfg = Debug|Any CPU
		{FA439C3C-7ED0-4099-8C6A-51BAD7409877}.Ad-Hoc|iPhoneSimulator.Build.0 = Debug|Any CPU
		{FA439C3C-7ED0-4099-8C6A-51BAD7409877}.Ad-Hoc|iPhoneSimulator.Deploy.0 = Debug|Any CPU
		{FA439C3C-7ED0-4099-8C6A-51BAD7409877}.AppStore|Any CPU.ActiveCfg = Debug|Any CPU
		{FA439C3C-7ED0-4099-8C6A-51BAD7409877}.AppStore|Any CPU.Build.0 = Debug|Any CPU
		{FA439C3C-7ED0-4099-8C6A-51BAD7409877}.AppStore|Any CPU.Deploy.0 = Debug|Any CPU
		{FA439C3C-7ED0-4099-8C6A-51BAD7409877}.AppStore|iPhone.ActiveCfg = Debug|Any CPU
		{FA439C3C-7ED0-4099-8C6A-51BAD7409877}.AppStore|iPhone.Build.0 = Debug|Any CPU
		{FA439C3C-7ED0-4099-8C6A-51BAD7409877}.AppStore|iPhone.Deploy.0 = Debug|Any CPU
		{FA439C3C-7ED0-4099-8C6A-51BAD7409877}.AppStore|iPhoneSimulator.ActiveCfg = Debug|Any CPU
		{FA439C3C-7ED0-4099-8C6A-51BAD7409877}.AppStore|iPhoneSimulator.Build.0 = Debug|Any CPU
		{FA439C3C-7ED0-4099-8C6A-51BAD7409877}.AppStore|iPhoneSimulator.Deploy.0 = Debug|Any CPU
		{FA439C3C-7ED0-4099-8C6A-51BAD7409877}.Debug|Any CPU.ActiveCfg = Debug|Any CPU
		{FA439C3C-7ED0-4099-8C6A-51BAD7409877}.Debug|Any CPU.Build.0 = Debug|Any CPU
		{FA439C3C-7ED0-4099-8C6A-51BAD7409877}.Debug|Any CPU.Deploy.0 = Debug|Any CPU
		{FA439C3C-7ED0-4099-8C6A-51BAD7409877}.Debug|iPhone.ActiveCfg = Debug|Any CPU
		{FA439C3C-7ED0-4099-8C6A-51BAD7409877}.Debug|iPhone.Build.0 = Debug|Any CPU
		{FA439C3C-7ED0-4099-8C6A-51BAD7409877}.Debug|iPhone.Deploy.0 = Debug|Any CPU
		{FA439C3C-7ED0-4099-8C6A-51BAD7409877}.Debug|iPhoneSimulator.ActiveCfg = Debug|Any CPU
		{FA439C3C-7ED0-4099-8C6A-51BAD7409877}.Debug|iPhoneSimulator.Build.0 = Debug|Any CPU
		{FA439C3C-7ED0-4099-8C6A-51BAD7409877}.Debug|iPhoneSimulator.Deploy.0 = Debug|Any CPU
		{FA439C3C-7ED0-4099-8C6A-51BAD7409877}.Release|Any CPU.ActiveCfg = Release|Any CPU
		{FA439C3C-7ED0-4099-8C6A-51BAD7409877}.Release|Any CPU.Build.0 = Release|Any CPU
		{FA439C3C-7ED0-4099-8C6A-51BAD7409877}.Release|Any CPU.Deploy.0 = Release|Any CPU
		{FA439C3C-7ED0-4099-8C6A-51BAD7409877}.Release|iPhone.ActiveCfg = Release|Any CPU
		{FA439C3C-7ED0-4099-8C6A-51BAD7409877}.Release|iPhone.Build.0 = Release|Any CPU
		{FA439C3C-7ED0-4099-8C6A-51BAD7409877}.Release|iPhone.Deploy.0 = Release|Any CPU
		{FA439C3C-7ED0-4099-8C6A-51BAD7409877}.Release|iPhoneSimulator.ActiveCfg = Release|Any CPU
		{FA439C3C-7ED0-4099-8C6A-51BAD7409877}.Release|iPhoneSimulator.Build.0 = Release|Any CPU
		{FA439C3C-7ED0-4099-8C6A-51BAD7409877}.Release|iPhoneSimulator.Deploy.0 = Release|Any CPU
	EndGlobalSection
	GlobalSection(SolutionProperties) = preSolution
		HideSolutionNode = FALSE
	EndGlobalSection
	GlobalSection(ExtensibilityGlobals) = postSolution
		SolutionGuid = {85862F3A-6B8F-4CA2-8666-9BD9C33FFEB5}
	EndGlobalSection
EndGlobal
